// !$*UTF8*$!
{
	archiveVersion = 1;
	classes = {
	};
	objectVersion = 50;
	objects = {

/* Begin PBXBuildFile section */
		39D92F9726298F9A001ACA0A /* AppDelegate.swift in Sources */ = {isa = PBXBuildFile; fileRef = 39D92F9626298F9A001ACA0A /* AppDelegate.swift */; };
		39D92F9926298F9A001ACA0A /* SceneDelegate.swift in Sources */ = {isa = PBXBuildFile; fileRef = 39D92F9826298F9A001ACA0A /* SceneDelegate.swift */; };
		39D92F9B26298F9A001ACA0A /* ViewController.swift in Sources */ = {isa = PBXBuildFile; fileRef = 39D92F9A26298F9A001ACA0A /* ViewController.swift */; };
		39D92F9E26298F9A001ACA0A /* Main.storyboard in Resources */ = {isa = PBXBuildFile; fileRef = 39D92F9C26298F9A001ACA0A /* Main.storyboard */; };
		39D92FA026298F9B001ACA0A /* Assets.xcassets in Resources */ = {isa = PBXBuildFile; fileRef = 39D92F9F26298F9B001ACA0A /* Assets.xcassets */; };
		39D92FA326298F9B001ACA0A /* LaunchScreen.storyboard in Resources */ = {isa = PBXBuildFile; fileRef = 39D92FA126298F9B001ACA0A /* LaunchScreen.storyboard */; };
		39D92FAE26298F9C001ACA0A /* i_m_poorTests.swift in Sources */ = {isa = PBXBuildFile; fileRef = 39D92FAD26298F9C001ACA0A /* i_m_poorTests.swift */; };
		39D92FB926298F9C001ACA0A /* i_m_poorUITests.swift in Sources */ = {isa = PBXBuildFile; fileRef = 39D92FB826298F9C001ACA0A /* i_m_poorUITests.swift */; };
/* End PBXBuildFile section */

/* Begin PBXContainerItemProxy section */
		39D92FAA26298F9C001ACA0A /* PBXContainerItemProxy */ = {
			isa = PBXContainerItemProxy;
			containerPortal = 39D92F8B26298F9A001ACA0A /* Project object */;
			proxyType = 1;
			remoteGlobalIDString = 39D92F9226298F9A001ACA0A;
			remoteInfo = "i`m poor";
		};
		39D92FB526298F9C001ACA0A /* PBXContainerItemProxy */ = {
			isa = PBXContainerItemProxy;
			containerPortal = 39D92F8B26298F9A001ACA0A /* Project object */;
			proxyType = 1;
			remoteGlobalIDString = 39D92F9226298F9A001ACA0A;
			remoteInfo = "i`m poor";
		};
/* End PBXContainerItemProxy section */

/* Begin PBXFileReference section */
		39D92F9326298F9A001ACA0A /* i`m poor.app */ = {isa = PBXFileReference; explicitFileType = wrapper.application; includeInIndex = 0; path = "i`m poor.app"; sourceTree = BUILT_PRODUCTS_DIR; };
		39D92F9626298F9A001ACA0A /* AppDelegate.swift */ = {isa = PBXFileReference; lastKnownFileType = sourcecode.swift; path = AppDelegate.swift; sourceTree = "<group>"; };
		39D92F9826298F9A001ACA0A /* SceneDelegate.swift */ = {isa = PBXFileReference; lastKnownFileType = sourcecode.swift; path = SceneDelegate.swift; sourceTree = "<group>"; };
		39D92F9A26298F9A001ACA0A /* ViewController.swift */ = {isa = PBXFileReference; lastKnownFileType = sourcecode.swift; path = ViewController.swift; sourceTree = "<group>"; };
		39D92F9D26298F9A001ACA0A /* Base */ = {isa = PBXFileReference; lastKnownFileType = file.storyboard; name = Base; path = Base.lproj/Main.storyboard; sourceTree = "<group>"; };
		39D92F9F26298F9B001ACA0A /* Assets.xcassets */ = {isa = PBXFileReference; lastKnownFileType = folder.assetcatalog; path = Assets.xcassets; sourceTree = "<group>"; };
		39D92FA226298F9B001ACA0A /* Base */ = {isa = PBXFileReference; lastKnownFileType = file.storyboard; name = Base; path = Base.lproj/LaunchScreen.storyboard; sourceTree = "<group>"; };
		39D92FA426298F9B001ACA0A /* Info.plist */ = {isa = PBXFileReference; lastKnownFileType = text.plist.xml; path = Info.plist; sourceTree = "<group>"; };
		39D92FA926298F9C001ACA0A /* i`m poorTests.xctest */ = {isa = PBXFileReference; explicitFileType = wrapper.cfbundle; includeInIndex = 0; path = "i`m poorTests.xctest"; sourceTree = BUILT_PRODUCTS_DIR; };
		39D92FAD26298F9C001ACA0A /* i_m_poorTests.swift */ = {isa = PBXFileReference; lastKnownFileType = sourcecode.swift; path = i_m_poorTests.swift; sourceTree = "<group>"; };
		39D92FAF26298F9C001ACA0A /* Info.plist */ = {isa = PBXFileReference; lastKnownFileType = text.plist.xml; path = Info.plist; sourceTree = "<group>"; };
		39D92FB426298F9C001ACA0A /* i`m poorUITests.xctest */ = {isa = PBXFileReference; explicitFileType = wrapper.cfbundle; includeInIndex = 0; path = "i`m poorUITests.xctest"; sourceTree = BUILT_PRODUCTS_DIR; };
		39D92FB826298F9C001ACA0A /* i_m_poorUITests.swift */ = {isa = PBXFileReference; lastKnownFileType = sourcecode.swift; path = i_m_poorUITests.swift; sourceTree = "<group>"; };
		39D92FBA26298F9C001ACA0A /* Info.plist */ = {isa = PBXFileReference; lastKnownFileType = text.plist.xml; path = Info.plist; sourceTree = "<group>"; };
/* End PBXFileReference section */

/* Begin PBXFrameworksBuildPhase section */
		39D92F9026298F9A001ACA0A /* Frameworks */ = {
			isa = PBXFrameworksBuildPhase;
			buildActionMask = 2147483647;
			files = (
			);
			runOnlyForDeploymentPostprocessing = 0;
		};
		39D92FA626298F9C001ACA0A /* Frameworks */ = {
			isa = PBXFrameworksBuildPhase;
			buildActionMask = 2147483647;
			files = (
			);
			runOnlyForDeploymentPostprocessing = 0;
		};
		39D92FB126298F9C001ACA0A /* Frameworks */ = {
			isa = PBXFrameworksBuildPhase;
			buildActionMask = 2147483647;
			files = (
			);
			runOnlyForDeploymentPostprocessing = 0;
		};
/* End PBXFrameworksBuildPhase section */

/* Begin PBXGroup section */
		39D92F8A26298F9A001ACA0A = {
			isa = PBXGroup;
			children = (
				39D92F9526298F9A001ACA0A /* i`m poor */,
				39D92FAC26298F9C001ACA0A /* i`m poorTests */,
				39D92FB726298F9C001ACA0A /* i`m poorUITests */,
				39D92F9426298F9A001ACA0A /* Products */,
			);
			sourceTree = "<group>";
		};
		39D92F9426298F9A001ACA0A /* Products */ = {
			isa = PBXGroup;
			children = (
				39D92F9326298F9A001ACA0A /* i`m poor.app */,
				39D92FA926298F9C001ACA0A /* i`m poorTests.xctest */,
				39D92FB426298F9C001ACA0A /* i`m poorUITests.xctest */,
			);
			name = Products;
			sourceTree = "<group>";
		};
		39D92F9526298F9A001ACA0A /* i`m poor */ = {
			isa = PBXGroup;
			children = (
				39D92F9626298F9A001ACA0A /* AppDelegate.swift */,
				39D92F9826298F9A001ACA0A /* SceneDelegate.swift */,
				39D92F9A26298F9A001ACA0A /* ViewController.swift */,
				39D92F9C26298F9A001ACA0A /* Main.storyboard */,
				39D92F9F26298F9B001ACA0A /* Assets.xcassets */,
				39D92FA126298F9B001ACA0A /* LaunchScreen.storyboard */,
				39D92FA426298F9B001ACA0A /* Info.plist */,
			);
			path = "i`m poor";
			sourceTree = "<group>";
		};
		39D92FAC26298F9C001ACA0A /* i`m poorTests */ = {
			isa = PBXGroup;
			children = (
				39D92FAD26298F9C001ACA0A /* i_m_poorTests.swift */,
				39D92FAF26298F9C001ACA0A /* Info.plist */,
			);
			path = "i`m poorTests";
			sourceTree = "<group>";
		};
		39D92FB726298F9C001ACA0A /* i`m poorUITests */ = {
			isa = PBXGroup;
			children = (
				39D92FB826298F9C001ACA0A /* i_m_poorUITests.swift */,
				39D92FBA26298F9C001ACA0A /* Info.plist */,
			);
			path = "i`m poorUITests";
			sourceTree = "<group>";
		};
/* End PBXGroup section */

/* Begin PBXNativeTarget section */
		39D92F9226298F9A001ACA0A /* i`m poor */ = {
			isa = PBXNativeTarget;
			buildConfigurationList = 39D92FBD26298F9C001ACA0A /* Build configuration list for PBXNativeTarget "i`m poor" */;
			buildPhases = (
				39D92F8F26298F9A001ACA0A /* Sources */,
				39D92F9026298F9A001ACA0A /* Frameworks */,
				39D92F9126298F9A001ACA0A /* Resources */,
			);
			buildRules = (
			);
			dependencies = (
			);
			name = "i`m poor";
			productName = "i`m poor";
			productReference = 39D92F9326298F9A001ACA0A /* i`m poor.app */;
			productType = "com.apple.product-type.application";
		};
		39D92FA826298F9C001ACA0A /* i`m poorTests */ = {
			isa = PBXNativeTarget;
			buildConfigurationList = 39D92FC026298F9C001ACA0A /* Build configuration list for PBXNativeTarget "i`m poorTests" */;
			buildPhases = (
				39D92FA526298F9C001ACA0A /* Sources */,
				39D92FA626298F9C001ACA0A /* Frameworks */,
				39D92FA726298F9C001ACA0A /* Resources */,
			);
			buildRules = (
			);
			dependencies = (
				39D92FAB26298F9C001ACA0A /* PBXTargetDependency */,
			);
			name = "i`m poorTests";
			productName = "i`m poorTests";
			productReference = 39D92FA926298F9C001ACA0A /* i`m poorTests.xctest */;
			productType = "com.apple.product-type.bundle.unit-test";
		};
		39D92FB326298F9C001ACA0A /* i`m poorUITests */ = {
			isa = PBXNativeTarget;
			buildConfigurationList = 39D92FC326298F9C001ACA0A /* Build configuration list for PBXNativeTarget "i`m poorUITests" */;
			buildPhases = (
				39D92FB026298F9C001ACA0A /* Sources */,
				39D92FB126298F9C001ACA0A /* Frameworks */,
				39D92FB226298F9C001ACA0A /* Resources */,
			);
			buildRules = (
			);
			dependencies = (
				39D92FB626298F9C001ACA0A /* PBXTargetDependency */,
			);
			name = "i`m poorUITests";
			productName = "i`m poorUITests";
			productReference = 39D92FB426298F9C001ACA0A /* i`m poorUITests.xctest */;
			productType = "com.apple.product-type.bundle.ui-testing";
		};
/* End PBXNativeTarget section */

/* Begin PBXProject section */
		39D92F8B26298F9A001ACA0A /* Project object */ = {
			isa = PBXProject;
			attributes = {
				LastSwiftUpdateCheck = 1240;
				LastUpgradeCheck = 1240;
				TargetAttributes = {
					39D92F9226298F9A001ACA0A = {
						CreatedOnToolsVersion = 12.4;
					};
					39D92FA826298F9C001ACA0A = {
						CreatedOnToolsVersion = 12.4;
						TestTargetID = 39D92F9226298F9A001ACA0A;
					};
					39D92FB326298F9C001ACA0A = {
						CreatedOnToolsVersion = 12.4;
						TestTargetID = 39D92F9226298F9A001ACA0A;
					};
				};
			};
			buildConfigurationList = 39D92F8E26298F9A001ACA0A /* Build configuration list for PBXProject "i`m poor" */;
			compatibilityVersion = "Xcode 9.3";
			developmentRegion = en;
			hasScannedForEncodings = 0;
			knownRegions = (
				en,
				Base,
			);
			mainGroup = 39D92F8A26298F9A001ACA0A;
			productRefGroup = 39D92F9426298F9A001ACA0A /* Products */;
			projectDirPath = "";
			projectRoot = "";
			targets = (
				39D92F9226298F9A001ACA0A /* i`m poor */,
				39D92FA826298F9C001ACA0A /* i`m poorTests */,
				39D92FB326298F9C001ACA0A /* i`m poorUITests */,
			);
		};
/* End PBXProject section */

/* Begin PBXResourcesBuildPhase section */
		39D92F9126298F9A001ACA0A /* Resources */ = {
			isa = PBXResourcesBuildPhase;
			buildActionMask = 2147483647;
			files = (
				39D92FA326298F9B001ACA0A /* LaunchScreen.storyboard in Resources */,
				39D92FA026298F9B001ACA0A /* Assets.xcassets in Resources */,
				39D92F9E26298F9A001ACA0A /* Main.storyboard in Resources */,
			);
			runOnlyForDeploymentPostprocessing = 0;
		};
		39D92FA726298F9C001ACA0A /* Resources */ = {
			isa = PBXResourcesBuildPhase;
			buildActionMask = 2147483647;
			files = (
			);
			runOnlyForDeploymentPostprocessing = 0;
		};
		39D92FB226298F9C001ACA0A /* Resources */ = {
			isa = PBXResourcesBuildPhase;
			buildActionMask = 2147483647;
			files = (
			);
			runOnlyForDeploymentPostprocessing = 0;
		};
/* End PBXResourcesBuildPhase section */

/* Begin PBXSourcesBuildPhase section */
		39D92F8F26298F9A001ACA0A /* Sources */ = {
			isa = PBXSourcesBuildPhase;
			buildActionMask = 2147483647;
			files = (
				39D92F9B26298F9A001ACA0A /* ViewController.swift in Sources */,
				39D92F9726298F9A001ACA0A /* AppDelegate.swift in Sources */,
				39D92F9926298F9A001ACA0A /* SceneDelegate.swift in Sources */,
			);
			runOnlyForDeploymentPostprocessing = 0;
		};
		39D92FA526298F9C001ACA0A /* Sources */ = {
			isa = PBXSourcesBuildPhase;
			buildActionMask = 2147483647;
			files = (
				39D92FAE26298F9C001ACA0A /* i_m_poorTests.swift in Sources */,
			);
			runOnlyForDeploymentPostprocessing = 0;
		};
		39D92FB026298F9C001ACA0A /* Sources */ = {
			isa = PBXSourcesBuildPhase;
			buildActionMask = 2147483647;
			files = (
				39D92FB926298F9C001ACA0A /* i_m_poorUITests.swift in Sources */,
			);
			runOnlyForDeploymentPostprocessing = 0;
		};
/* End PBXSourcesBuildPhase section */

/* Begin PBXTargetDependency section */
		39D92FAB26298F9C001ACA0A /* PBXTargetDependency */ = {
			isa = PBXTargetDependency;
			target = 39D92F9226298F9A001ACA0A /* i`m poor */;
			targetProxy = 39D92FAA26298F9C001ACA0A /* PBXContainerItemProxy */;
		};
		39D92FB626298F9C001ACA0A /* PBXTargetDependency */ = {
			isa = PBXTargetDependency;
			target = 39D92F9226298F9A001ACA0A /* i`m poor */;
			targetProxy = 39D92FB526298F9C001ACA0A /* PBXContainerItemProxy */;
		};
/* End PBXTargetDependency section */

/* Begin PBXVariantGroup section */
		39D92F9C26298F9A001ACA0A /* Main.storyboard */ = {
			isa = PBXVariantGroup;
			children = (
				39D92F9D26298F9A001ACA0A /* Base */,
			);
			name = Main.storyboard;
			sourceTree = "<group>";
		};
		39D92FA126298F9B001ACA0A /* LaunchScreen.storyboard */ = {
			isa = PBXVariantGroup;
			children = (
				39D92FA226298F9B001ACA0A /* Base */,
			);
			name = LaunchScreen.storyboard;
			sourceTree = "<group>";
		};
/* End PBXVariantGroup section */

/* Begin XCBuildConfiguration section */
		39D92FBB26298F9C001ACA0A /* Debug */ = {
			isa = XCBuildConfiguration;
			buildSettings = {
				ALWAYS_SEARCH_USER_PATHS = NO;
				CLANG_ANALYZER_NONNULL = YES;
				CLANG_ANALYZER_NUMBER_OBJECT_CONVERSION = YES_AGGRESSIVE;
				CLANG_CXX_LANGUAGE_STANDARD = "gnu++14";
				CLANG_CXX_LIBRARY = "libc++";
				CLANG_ENABLE_MODULES = YES;
				CLANG_ENABLE_OBJC_ARC = YES;
				CLANG_ENABLE_OBJC_WEAK = YES;
				CLANG_WARN_BLOCK_CAPTURE_AUTORELEASING = YES;
				CLANG_WARN_BOOL_CONVERSION = YES;
				CLANG_WARN_COMMA = YES;
				CLANG_WARN_CONSTANT_CONVERSION = YES;
				CLANG_WARN_DEPRECATED_OBJC_IMPLEMENTATIONS = YES;
				CLANG_WARN_DIRECT_OBJC_ISA_USAGE = YES_ERROR;
				CLANG_WARN_DOCUMENTATION_COMMENTS = YES;
				CLANG_WARN_EMPTY_BODY = YES;
				CLANG_WARN_ENUM_CONVERSION = YES;
				CLANG_WARN_INFINITE_RECURSION = YES;
				CLANG_WARN_INT_CONVERSION = YES;
				CLANG_WARN_NON_LITERAL_NULL_CONVERSION = YES;
				CLANG_WARN_OBJC_IMPLICIT_RETAIN_SELF = YES;
				CLANG_WARN_OBJC_LITERAL_CONVERSION = YES;
				CLANG_WARN_OBJC_ROOT_CLASS = YES_ERROR;
				CLANG_WARN_QUOTED_INCLUDE_IN_FRAMEWORK_HEADER = YES;
				CLANG_WARN_RANGE_LOOP_ANALYSIS = YES;
				CLANG_WARN_STRICT_PROTOTYPES = YES;
				CLANG_WARN_SUSPICIOUS_MOVE = YES;
				CLANG_WARN_UNGUARDED_AVAILABILITY = YES_AGGRESSIVE;
				CLANG_WARN_UNREACHABLE_CODE = YES;
				CLANG_WARN__DUPLICATE_METHOD_MATCH = YES;
				COPY_PHASE_STRIP = NO;
				DEBUG_INFORMATION_FORMAT = dwarf;
				ENABLE_STRICT_OBJC_MSGSEND = YES;
				ENABLE_TESTABILITY = YES;
				GCC_C_LANGUAGE_STANDARD = gnu11;
				GCC_DYNAMIC_NO_PIC = NO;
				GCC_NO_COMMON_BLOCKS = YES;
				GCC_OPTIMIZATION_LEVEL = 0;
				GCC_PREPROCESSOR_DEFINITIONS = (
					"DEBUG=1",
					"$(inherited)",
				);
				GCC_WARN_64_TO_32_BIT_CONVERSION = YES;
				GCC_WARN_ABOUT_RETURN_TYPE = YES_ERROR;
				GCC_WARN_UNDECLARED_SELECTOR = YES;
				GCC_WARN_UNINITIALIZED_AUTOS = YES_AGGRESSIVE;
				GCC_WARN_UNUSED_FUNCTION = YES;
				GCC_WARN_UNUSED_VARIABLE = YES;
				IPHONEOS_DEPLOYMENT_TARGET = 14.4;
				MTL_ENABLE_DEBUG_INFO = INCLUDE_SOURCE;
				MTL_FAST_MATH = YES;
				ONLY_ACTIVE_ARCH = YES;
				SDKROOT = iphoneos;
				SWIFT_ACTIVE_COMPILATION_CONDITIONS = DEBUG;
				SWIFT_OPTIMIZATION_LEVEL = "-Onone";
			};
			name = Debug;
		};
		39D92FBC26298F9C001ACA0A /* Release */ = {
			isa = XCBuildConfiguration;
			buildSettings = {
				ALWAYS_SEARCH_USER_PATHS = NO;
				CLANG_ANALYZER_NONNULL = YES;
				CLANG_ANALYZER_NUMBER_OBJECT_CONVERSION = YES_AGGRESSIVE;
				CLANG_CXX_LANGUAGE_STANDARD = "gnu++14";
				CLANG_CXX_LIBRARY = "libc++";
				CLANG_ENABLE_MODULES = YES;
				CLANG_ENABLE_OBJC_ARC = YES;
				CLANG_ENABLE_OBJC_WEAK = YES;
				CLANG_WARN_BLOCK_CAPTURE_AUTORELEASING = YES;
				CLANG_WARN_BOOL_CONVERSION = YES;
				CLANG_WARN_COMMA = YES;
				CLANG_WARN_CONSTANT_CONVERSION = YES;
				CLANG_WARN_DEPRECATED_OBJC_IMPLEMENTATIONS = YES;
				CLANG_WARN_DIRECT_OBJC_ISA_USAGE = YES_ERROR;
				CLANG_WARN_DOCUMENTATION_COMMENTS = YES;
				CLANG_WARN_EMPTY_BODY = YES;
				CLANG_WARN_ENUM_CONVERSION = YES;
				CLANG_WARN_INFINITE_RECURSION = YES;
				CLANG_WARN_INT_CONVERSION = YES;
				CLANG_WARN_NON_LITERAL_NULL_CONVERSION = YES;
				CLANG_WARN_OBJC_IMPLICIT_RETAIN_SELF = YES;
				CLANG_WARN_OBJC_LITERAL_CONVERSION = YES;
				CLANG_WARN_OBJC_ROOT_CLASS = YES_ERROR;
				CLANG_WARN_QUOTED_INCLUDE_IN_FRAMEWORK_HEADER = YES;
				CLANG_WARN_RANGE_LOOP_ANALYSIS = YES;
				CLANG_WARN_STRICT_PROTOTYPES = YES;
				CLANG_WARN_SUSPICIOUS_MOVE = YES;
				CLANG_WARN_UNGUARDED_AVAILABILITY = YES_AGGRESSIVE;
				CLANG_WARN_UNREACHABLE_CODE = YES;
				CLANG_WARN__DUPLICATE_METHOD_MATCH = YES;
				COPY_PHASE_STRIP = NO;
				DEBUG_INFORMATION_FORMAT = "dwarf-with-dsym";
				ENABLE_NS_ASSERTIONS = NO;
				ENABLE_STRICT_OBJC_MSGSEND = YES;
				GCC_C_LANGUAGE_STANDARD = gnu11;
				GCC_NO_COMMON_BLOCKS = YES;
				GCC_WARN_64_TO_32_BIT_CONVERSION = YES;
				GCC_WARN_ABOUT_RETURN_TYPE = YES_ERROR;
				GCC_WARN_UNDECLARED_SELECTOR = YES;
				GCC_WARN_UNINITIALIZED_AUTOS = YES_AGGRESSIVE;
				GCC_WARN_UNUSED_FUNCTION = YES;
				GCC_WARN_UNUSED_VARIABLE = YES;
				IPHONEOS_DEPLOYMENT_TARGET = 14.4;
				MTL_ENABLE_DEBUG_INFO = NO;
				MTL_FAST_MATH = YES;
				SDKROOT = iphoneos;
				SWIFT_COMPILATION_MODE = wholemodule;
				SWIFT_OPTIMIZATION_LEVEL = "-O";
				VALIDATE_PRODUCT = YES;
			};
			name = Release;
		};
		39D92FBE26298F9C001ACA0A /* Debug */ = {
			isa = XCBuildConfiguration;
			buildSettings = {
				ASSETCATALOG_COMPILER_APPICON_NAME = AppIcon;
				ASSETCATALOG_COMPILER_GLOBAL_ACCENT_COLOR_NAME = AccentColor;
				CODE_SIGN_STYLE = Automatic;
				INFOPLIST_FILE = "i`m poor/Info.plist";
				LD_RUNPATH_SEARCH_PATHS = (
					"$(inherited)",
					"@executable_path/Frameworks",
				);
				PRODUCT_BUNDLE_IDENTIFIER = "ios.intern.i-m-poor";
				PRODUCT_NAME = "$(TARGET_NAME)";
				SWIFT_VERSION = 5.0;
				TARGETED_DEVICE_FAMILY = "1,2";
			};
			name = Debug;
		};
		39D92FBF26298F9C001ACA0A /* Release */ = {
			isa = XCBuildConfiguration;
			buildSettings = {
				ASSETCATALOG_COMPILER_APPICON_NAME = AppIcon;
				ASSETCATALOG_COMPILER_GLOBAL_ACCENT_COLOR_NAME = AccentColor;
				CODE_SIGN_STYLE = Automatic;
				INFOPLIST_FILE = "i`m poor/Info.plist";
				LD_RUNPATH_SEARCH_PATHS = (
					"$(inherited)",
					"@executable_path/Frameworks",
				);
				PRODUCT_BUNDLE_IDENTIFIER = "ios.intern.i-m-poor";
				PRODUCT_NAME = "$(TARGET_NAME)";
				SWIFT_VERSION = 5.0;
				TARGETED_DEVICE_FAMILY = "1,2";
			};
			name = Release;
		};
		39D92FC126298F9C001ACA0A /* Debug */ = {
			isa = XCBuildConfiguration;
			buildSettings = {
				ALWAYS_EMBED_SWIFT_STANDARD_LIBRARIES = YES;
				BUNDLE_LOADER = "$(TEST_HOST)";
				CODE_SIGN_STYLE = Automatic;
				INFOPLIST_FILE = "i`m poorTests/Info.plist";
				IPHONEOS_DEPLOYMENT_TARGET = 14.4;
				LD_RUNPATH_SEARCH_PATHS = (
					"$(inherited)",
					"@executable_path/Frameworks",
					"@loader_path/Frameworks",
				);
				PRODUCT_BUNDLE_IDENTIFIER = "ios.intern.i-m-poorTests";
				PRODUCT_NAME = "$(TARGET_NAME)";
				SWIFT_VERSION = 5.0;
				TARGETED_DEVICE_FAMILY = "1,2";
				TEST_HOST = "$(BUILT_PRODUCTS_DIR)/i`m poor.app/i`m poor";
			};
			name = Debug;
		};
		39D92FC226298F9C001ACA0A /* Release */ = {
			isa = XCBuildConfiguration;
			buildSettings = {
				ALWAYS_EMBED_SWIFT_STANDARD_LIBRARIES = YES;
				BUNDLE_LOADER = "$(TEST_HOST)";
				CODE_SIGN_STYLE = Automatic;
				INFOPLIST_FILE = "i`m poorTests/Info.plist";
				IPHONEOS_DEPLOYMENT_TARGET = 14.4;
				LD_RUNPATH_SEARCH_PATHS = (
					"$(inherited)",
					"@executable_path/Frameworks",
					"@loader_path/Frameworks",
				);
				PRODUCT_BUNDLE_IDENTIFIER = "ios.intern.i-m-poorTests";
				PRODUCT_NAME = "$(TARGET_NAME)";
				SWIFT_VERSION = 5.0;
				TARGETED_DEVICE_FAMILY = "1,2";
				TEST_HOST = "$(BUILT_PRODUCTS_DIR)/i`m poor.app/i`m poor";
			};
			name = Release;
		};
		39D92FC426298F9C001ACA0A /* Debug */ = {
			isa = XCBuildConfiguration;
			buildSettings = {
				ALWAYS_EMBED_SWIFT_STANDARD_LIBRARIES = YES;
				CODE_SIGN_STYLE = Automatic;
				INFOPLIST_FILE = "i`m poorUITests/Info.plist";
				LD_RUNPATH_SEARCH_PATHS = (
					"$(inherited)",
					"@executable_path/Frameworks",
					"@loader_path/Frameworks",
				);
				PRODUCT_BUNDLE_IDENTIFIER = "ios.intern.i-m-poorUITests";
				PRODUCT_NAME = "$(TARGET_NAME)";
				SWIFT_VERSION = 5.0;
				TARGETED_DEVICE_FAMILY = "1,2";
				TEST_TARGET_NAME = "i`m poor";
			};
			name = Debug;
		};
		39D92FC526298F9C001ACA0A /* Release */ = {
			isa = XCBuildConfiguration;
			buildSettings = {
				ALWAYS_EMBED_SWIFT_STANDARD_LIBRARIES = YES;
				CODE_SIGN_STYLE = Automatic;
				INFOPLIST_FILE = "i`m poorUITests/Info.plist";
				LD_RUNPATH_SEARCH_PATHS = (
					"$(inherited)",
					"@executable_path/Frameworks",
					"@loader_path/Frameworks",
				);
				PRODUCT_BUNDLE_IDENTIFIER = "ios.intern.i-m-poorUITests";
				PRODUCT_NAME = "$(TARGET_NAME)";
				SWIFT_VERSION = 5.0;
				TARGETED_DEVICE_FAMILY = "1,2";
				TEST_TARGET_NAME = "i`m poor";
			};
			name = Release;
		};
/* End XCBuildConfiguration section */

/* Begin XCConfigurationList section */
		39D92F8E26298F9A001ACA0A /* Build configuration list for PBXProject "i`m poor" */ = {
			isa = XCConfigurationList;
			buildConfigurations = (
				39D92FBB26298F9C001ACA0A /* Debug */,
				39D92FBC26298F9C001ACA0A /* Release */,
			);
			defaultConfigurationIsVisible = 0;
			defaultConfigurationName = Release;
		};
		39D92FBD26298F9C001ACA0A /* Build configuration list for PBXNativeTarget "i`m poor" */ = {
			isa = XCConfigurationList;
			buildConfigurations = (
				39D92FBE26298F9C001ACA0A /* Debug */,
				39D92FBF26298F9C001ACA0A /* Release */,
			);
			defaultConfigurationIsVisible = 0;
			defaultConfigurationName = Release;
		};
		39D92FC026298F9C001ACA0A /* Build configuration list for PBXNativeTarget "i`m poorTests" */ = {
			isa = XCConfigurationList;
			buildConfigurations = (
				39D92FC126298F9C001ACA0A /* Debug */,
				39D92FC226298F9C001ACA0A /* Release */,
			);
			defaultConfigurationIsVisible = 0;
			defaultConfigurationName = Release;
		};
		39D92FC326298F9C001ACA0A /* Build configuration list for PBXNativeTarget "i`m poorUITests" */ = {
			isa = XCConfigurationList;
			buildConfigurations = (
				39D92FC426298F9C001ACA0A /* Debug */,
				39D92FC526298F9C001ACA0A /* Release */,
			);
			defaultConfigurationIsVisible = 0;
			defaultConfigurationName = Release;
		};
/* End XCConfigurationList section */
	};
	rootObject = 39D92F8B26298F9A001ACA0A /* Project object */;
}
